
Microsoft Visual Studio Solution File, Format Version 12.00
# Visual Studio Version 17
VisualStudioVersion = 17.8.34330.188
MinimumVisualStudioVersion = 10.0.40219.1
Project("{FAE04EC0-301F-11D3-BF4B-00C04F79EFBC}") = "242-Valid-Anagram", "242-Valid-Anagram.csproj", "{BB6377A9-A3E4-427F-9750-73F7143CE8C0}"
EndProject
Global
	GlobalSection(SolutionConfigurationPlatforms) = preSolution
		Debug|Any CPU = Debug|Any CPU
		Release|Any CPU = Release|Any CPU
	EndGlobalSection
	GlobalSection(ProjectConfigurationPlatforms) = postSolution
		{BB6377A9-A3E4-427F-9750-73F7143CE8C0}.Debug|Any CPU.ActiveCfg = Debug|Any CPU
		{BB6377A9-A3E4-427F-9750-73F7143CE8C0}.Debug|Any CPU.Build.0 = Debug|Any CPU
		{BB6377A9-A3E4-427F-9750-73F7143CE8C0}.Release|Any CPU.ActiveCfg = Release|Any CPU
		{BB6377A9-A3E4-427F-9750-73F7143CE8C0}.Release|Any CPU.Build.0 = Release|Any CPU
	EndGlobalSection
	GlobalSection(SolutionProperties) = preSolution
		HideSolutionNode = FALSE
	EndGlobalSection
	GlobalSection(ExtensibilityGlobals) = postSolution
		SolutionGuid = {E8B43226-9F1E-48F9-820E-E2FF66C0E6C8}
	EndGlobalSection
EndGlobal
